
Microsoft Visual Studio Solution File, Format Version 11.00
# Visual Studio 2010
Project("{FAE04EC0-301F-11D3-BF4B-00C04F79EFBC}") = "BusinessRulesEngine", "BusinessRulesEngine\BusinessRulesEngine.csproj", "{913899E1-F1C3-4761-B1CC-9DED0FEE886B}"
EndProject
Project("{FAE04EC0-301F-11D3-BF4B-00C04F79EFBC}") = "Testing", "Testing\Testing.csproj", "{2DE2E88F-50B7-4B64-A8E7-CD4CAD4AB2E6}"
EndProject
Project("{2150E333-8FDC-42A3-9474-1A3956D46DE8}") = "Solution Items", "Solution Items", "{14E8D585-F8CE-45D3-9FCF-A9A76C51E30A}"
	ProjectSection(SolutionItems) = preProject
		BusinessRulesEngine.vsmdi = BusinessRulesEngine.vsmdi
		Local.testsettings = Local.testsettings
		TraceAndTestImpact.testsettings = TraceAndTestImpact.testsettings
	EndProjectSection
EndProject
Global
	GlobalSection(TestCaseManagementSettings) = postSolution
		CategoryFile = BusinessRulesEngine.vsmdi
	EndGlobalSection
	GlobalSection(SolutionConfigurationPlatforms) = preSolution
		Debug|Any CPU = Debug|Any CPU
		Debug|Mixed Platforms = Debug|Mixed Platforms
		Debug|x86 = Debug|x86
		Release|Any CPU = Release|Any CPU
		Release|Mixed Platforms = Release|Mixed Platforms
		Release|x86 = Release|x86
	EndGlobalSection
	GlobalSection(ProjectConfigurationPlatforms) = postSolution
		{913899E1-F1C3-4761-B1CC-9DED0FEE886B}.Debug|Any CPU.ActiveCfg = Debug|x86
		{913899E1-F1C3-4761-B1CC-9DED0FEE886B}.Debug|Mixed Platforms.ActiveCfg = Debug|x86
		{913899E1-F1C3-4761-B1CC-9DED0FEE886B}.Debug|Mixed Platforms.Build.0 = Debug|x86
		{913899E1-F1C3-4761-B1CC-9DED0FEE886B}.Debug|x86.ActiveCfg = Debug|x86
		{913899E1-F1C3-4761-B1CC-9DED0FEE886B}.Debug|x86.Build.0 = Debug|x86
		{913899E1-F1C3-4761-B1CC-9DED0FEE886B}.Release|Any CPU.ActiveCfg = Release|x86
		{913899E1-F1C3-4761-B1CC-9DED0FEE886B}.Release|Mixed Platforms.ActiveCfg = Release|x86
		{913899E1-F1C3-4761-B1CC-9DED0FEE886B}.Release|Mixed Platforms.Build.0 = Release|x86
		{913899E1-F1C3-4761-B1CC-9DED0FEE886B}.Release|x86.ActiveCfg = Release|x86
		{913899E1-F1C3-4761-B1CC-9DED0FEE886B}.Release|x86.Build.0 = Release|x86
		{2DE2E88F-50B7-4B64-A8E7-CD4CAD4AB2E6}.Debug|Any CPU.ActiveCfg = Debug|Any CPU
		{2DE2E88F-50B7-4B64-A8E7-CD4CAD4AB2E6}.Debug|Any CPU.Build.0 = Debug|Any CPU
		{2DE2E88F-50B7-4B64-A8E7-CD4CAD4AB2E6}.Debug|Mixed Platforms.ActiveCfg = Debug|Any CPU
		{2DE2E88F-50B7-4B64-A8E7-CD4CAD4AB2E6}.Debug|Mixed Platforms.Build.0 = Debug|Any CPU
		{2DE2E88F-50B7-4B64-A8E7-CD4CAD4AB2E6}.Debug|x86.ActiveCfg = Debug|Any CPU
		{2DE2E88F-50B7-4B64-A8E7-CD4CAD4AB2E6}.Release|Any CPU.ActiveCfg = Release|Any CPU
		{2DE2E88F-50B7-4B64-A8E7-CD4CAD4AB2E6}.Release|Any CPU.Build.0 = Release|Any CPU
		{2DE2E88F-50B7-4B64-A8E7-CD4CAD4AB2E6}.Release|Mixed Platforms.ActiveCfg = Release|Any CPU
		{2DE2E88F-50B7-4B64-A8E7-CD4CAD4AB2E6}.Release|Mixed Platforms.Build.0 = Release|Any CPU
		{2DE2E88F-50B7-4B64-A8E7-CD4CAD4AB2E6}.Release|x86.ActiveCfg = Release|Any CPU
	EndGlobalSection
	GlobalSection(SolutionProperties) = preSolution
		HideSolutionNode = FALSE
	EndGlobalSection
EndGlobal
